
Microsoft Visual Studio Solution File, Format Version 12.00
# Visual Studio 15
VisualStudioVersion = 15.0.28307.1000
MinimumVisualStudioVersion = 10.0.40219.1
Project("{FAE04EC0-301F-11D3-BF4B-00C04F79EFBC}") = "GitProjVS", "GitProjVS\GitProjVS.csproj", "{C7ACC917-927A-46EA-94C6-CF87F7D10BFE}"
EndProject
Global
	GlobalSection(SolutionConfigurationPlatforms) = preSolution
		Debug|Any CPU = Debug|Any CPU
		Release|Any CPU = Release|Any CPU
	EndGlobalSection
	GlobalSection(ProjectConfigurationPlatforms) = postSolution
		{C7ACC917-927A-46EA-94C6-CF87F7D10BFE}.Debug|Any CPU.ActiveCfg = Debug|Any CPU
		{C7ACC917-927A-46EA-94C6-CF87F7D10BFE}.Debug|Any CPU.Build.0 = Debug|Any CPU
		{C7ACC917-927A-46EA-94C6-CF87F7D10BFE}.Release|Any CPU.ActiveCfg = Release|Any CPU
		{C7ACC917-927A-46EA-94C6-CF87F7D10BFE}.Release|Any CPU.Build.0 = Release|Any CPU
	EndGlobalSection
	GlobalSection(SolutionProperties) = preSolution
		HideSolutionNode = FALSE
	EndGlobalSection
	GlobalSection(ExtensibilityGlobals) = postSolution
		SolutionGuid = {86E63998-2A29-43AE-BE5B-7725F7CE3834}
	EndGlobalSection
EndGlobal
